
Microsoft Visual Studio Solution File, Format Version 12.00
# Visual Studio Version 16
VisualStudioVersion = 16.0.31729.503
MinimumVisualStudioVersion = 10.0.40219.1
Project("{FAE04EC0-301F-11D3-BF4B-00C04F79EFBC}") = "Oblig1", "Oblig1\Oblig1.csproj", "{92E6756B-826B-4E7D-827A-FE2BBD0F3716}"
EndProject
Project("{FAE04EC0-301F-11D3-BF4B-00C04F79EFBC}") = "TestOblig", "TestOblig\TestOblig.csproj", "{22C6B45A-A52F-4995-B285-159FA885C2AC}"
EndProject
Global
	GlobalSection(SolutionConfigurationPlatforms) = preSolution
		Debug|Any CPU = Debug|Any CPU
		Release|Any CPU = Release|Any CPU
	EndGlobalSection
	GlobalSection(ProjectConfigurationPlatforms) = postSolution
		{92E6756B-826B-4E7D-827A-FE2BBD0F3716}.Debug|Any CPU.ActiveCfg = Debug|Any CPU
		{92E6756B-826B-4E7D-827A-FE2BBD0F3716}.Debug|Any CPU.Build.0 = Debug|Any CPU
		{92E6756B-826B-4E7D-827A-FE2BBD0F3716}.Release|Any CPU.ActiveCfg = Release|Any CPU
		{92E6756B-826B-4E7D-827A-FE2BBD0F3716}.Release|Any CPU.Build.0 = Release|Any CPU
		{22C6B45A-A52F-4995-B285-159FA885C2AC}.Debug|Any CPU.ActiveCfg = Debug|Any CPU
		{22C6B45A-A52F-4995-B285-159FA885C2AC}.Debug|Any CPU.Build.0 = Debug|Any CPU
		{22C6B45A-A52F-4995-B285-159FA885C2AC}.Release|Any CPU.ActiveCfg = Release|Any CPU
		{22C6B45A-A52F-4995-B285-159FA885C2AC}.Release|Any CPU.Build.0 = Release|Any CPU
	EndGlobalSection
	GlobalSection(SolutionProperties) = preSolution
		HideSolutionNode = FALSE
	EndGlobalSection
	GlobalSection(ExtensibilityGlobals) = postSolution
		SolutionGuid = {86B70625-E617-4427-B4FE-544FB6A4ACCC}
	EndGlobalSection
EndGlobal
